
Microsoft Visual Studio Solution File, Format Version 12.00
# Visual Studio Version 17
VisualStudioVersion = 17.6.33723.286
MinimumVisualStudioVersion = 10.0.40219.1
Project("{9A19103F-16F7-4668-BE54-9A1E7A4F7556}") = "Bihyung", "src\Bihyung\Bihyung.csproj", "{0F21D502-FD26-4495-A6D5-45794EB11EC1}"
EndProject
Project("{9A19103F-16F7-4668-BE54-9A1E7A4F7556}") = "Bihyung.Core", "src\Bihyung.Core\Bihyung.Core.csproj", "{70199608-7F69-4D84-86EA-C6FDE27BA0AD}"
EndProject
Project("{FAE04EC0-301F-11D3-BF4B-00C04F79EFBC}") = "Bihyung.Functions", "src\Bihyung.Functions\Bihyung.Functions.csproj", "{270E5765-9250-422A-92D0-2F61C6F8F767}"
EndProject
Project("{2150E333-8FDC-42A3-9474-1A3956D46DE8}") = "Solution Items", "Solution Items", "{83F8253F-08AA-456D-B9BE-96E7D9B5C796}"
	ProjectSection(SolutionItems) = preProject
		.gitignore = .gitignore
		LICENSE = LICENSE
		README.md = README.md
	EndProjectSection
EndProject
Global
	GlobalSection(SolutionConfigurationPlatforms) = preSolution
		Debug|Any CPU = Debug|Any CPU
		Release|Any CPU = Release|Any CPU
	EndGlobalSection
	GlobalSection(ProjectConfigurationPlatforms) = postSolution
		{0F21D502-FD26-4495-A6D5-45794EB11EC1}.Debug|Any CPU.ActiveCfg = Debug|Any CPU
		{0F21D502-FD26-4495-A6D5-45794EB11EC1}.Debug|Any CPU.Build.0 = Debug|Any CPU
		{0F21D502-FD26-4495-A6D5-45794EB11EC1}.Release|Any CPU.ActiveCfg = Release|Any CPU
		{0F21D502-FD26-4495-A6D5-45794EB11EC1}.Release|Any CPU.Build.0 = Release|Any CPU
		{70199608-7F69-4D84-86EA-C6FDE27BA0AD}.Debug|Any CPU.ActiveCfg = Debug|Any CPU
		{70199608-7F69-4D84-86EA-C6FDE27BA0AD}.Debug|Any CPU.Build.0 = Debug|Any CPU
		{70199608-7F69-4D84-86EA-C6FDE27BA0AD}.Release|Any CPU.ActiveCfg = Release|Any CPU
		{70199608-7F69-4D84-86EA-C6FDE27BA0AD}.Release|Any CPU.Build.0 = Release|Any CPU
		{270E5765-9250-422A-92D0-2F61C6F8F767}.Debug|Any CPU.ActiveCfg = Debug|Any CPU
		{270E5765-9250-422A-92D0-2F61C6F8F767}.Debug|Any CPU.Build.0 = Debug|Any CPU
		{270E5765-9250-422A-92D0-2F61C6F8F767}.Release|Any CPU.ActiveCfg = Release|Any CPU
		{270E5765-9250-422A-92D0-2F61C6F8F767}.Release|Any CPU.Build.0 = Release|Any CPU
	EndGlobalSection
	GlobalSection(SolutionProperties) = preSolution
		HideSolutionNode = FALSE
	EndGlobalSection
	GlobalSection(ExtensibilityGlobals) = postSolution
		SolutionGuid = {4474D112-AC1E-4029-976C-05778350B9A5}
	EndGlobalSection
EndGlobal
